
Microsoft Visual Studio Solution File, Format Version 12.00
Project("{FAE04EC0-301F-11D3-BF4B-00C04F79EFBC}") = "Melodee", "src\Melodee\Melodee.csproj", "{FE484681-E1F0-4BB0-AEA2-20744BC94D0D}"
EndProject
Project("{FAE04EC0-301F-11D3-BF4B-00C04F79EFBC}") = "Melodee.Cli", "src\Melodee.Cli\Melodee.Cli.csproj", "{9D6AB4DB-318C-4E1D-924F-3E089511D233}"
EndProject
Project("{FAE04EC0-301F-11D3-BF4B-00C04F79EFBC}") = "Melodee.Common", "src\Melodee.Common\Melodee.Common.csproj", "{F8FE5E96-7D01-403F-89CD-DEAE75B9FB9F}"
EndProject
Project("{FAE04EC0-301F-11D3-BF4B-00C04F79EFBC}") = "Melodee.Plugins", "src\Melodee.Plugins\Melodee.Plugins.csproj", "{21784C80-52D1-4BE1-BEBD-360CDD786849}"
EndProject
Project("{FAE04EC0-301F-11D3-BF4B-00C04F79EFBC}") = "Melodee.Tests", "tests\Melodee.Tests\Melodee.Tests.csproj", "{E4EA6169-70D6-4069-AAB9-7275E444F39F}"
EndProject
Project("{2150E333-8FDC-42A3-9474-1A3956D46DE8}") = "SolutionItems", "SolutionItems", "{B4B31DC3-FCD5-4673-A4F7-F091495FAA59}"
	ProjectSection(SolutionItems) = preProject
		Directory.Packages.props = Directory.Packages.props
		LICENSE = LICENSE
		README.md = README.md
	EndProjectSection
EndProject
Project("{FAE04EC0-301F-11D3-BF4B-00C04F79EFBC}") = "Melodee.Services", "src\Melodee.Services\Melodee.Services.csproj", "{94FB6F6C-4A91-414D-9FD6-697425971FE1}"
EndProject
Project("{FAE04EC0-301F-11D3-BF4B-00C04F79EFBC}") = "Melodee.Jobs", "src\Melodee.Jobs\Melodee.Jobs.csproj", "{C099CDB8-E94E-4E9D-B4D6-7D1F8DEB07B1}"
EndProject
Project("{FAE04EC0-301F-11D3-BF4B-00C04F79EFBC}") = "Melodee.Blazor", "src\Melodee.Blazor\Melodee.Blazor.csproj", "{99AD107E-4B47-415A-BCBA-652E5E95359F}"
EndProject
Project("{2150E333-8FDC-42A3-9474-1A3956D46DE8}") = "Solution Items", "Solution Items", "{E5DEDB31-0D4C-4C0A-A7C1-E9B878BDCF3F}"
	ProjectSection(SolutionItems) = preProject
		compose.yaml = compose.yaml
	EndProjectSection
EndProject
Global
	GlobalSection(SolutionConfigurationPlatforms) = preSolution
		Debug|Any CPU = Debug|Any CPU
		Release|Any CPU = Release|Any CPU
	EndGlobalSection
	GlobalSection(ProjectConfigurationPlatforms) = postSolution
		{FE484681-E1F0-4BB0-AEA2-20744BC94D0D}.Debug|Any CPU.ActiveCfg = Debug|Any CPU
		{FE484681-E1F0-4BB0-AEA2-20744BC94D0D}.Debug|Any CPU.Build.0 = Debug|Any CPU
		{FE484681-E1F0-4BB0-AEA2-20744BC94D0D}.Release|Any CPU.ActiveCfg = Release|Any CPU
		{FE484681-E1F0-4BB0-AEA2-20744BC94D0D}.Release|Any CPU.Build.0 = Release|Any CPU
		{9D6AB4DB-318C-4E1D-924F-3E089511D233}.Debug|Any CPU.ActiveCfg = Debug|Any CPU
		{9D6AB4DB-318C-4E1D-924F-3E089511D233}.Debug|Any CPU.Build.0 = Debug|Any CPU
		{9D6AB4DB-318C-4E1D-924F-3E089511D233}.Release|Any CPU.ActiveCfg = Release|Any CPU
		{9D6AB4DB-318C-4E1D-924F-3E089511D233}.Release|Any CPU.Build.0 = Release|Any CPU
		{F8FE5E96-7D01-403F-89CD-DEAE75B9FB9F}.Debug|Any CPU.ActiveCfg = Debug|Any CPU
		{F8FE5E96-7D01-403F-89CD-DEAE75B9FB9F}.Debug|Any CPU.Build.0 = Debug|Any CPU
		{F8FE5E96-7D01-403F-89CD-DEAE75B9FB9F}.Release|Any CPU.ActiveCfg = Release|Any CPU
		{F8FE5E96-7D01-403F-89CD-DEAE75B9FB9F}.Release|Any CPU.Build.0 = Release|Any CPU
		{21784C80-52D1-4BE1-BEBD-360CDD786849}.Debug|Any CPU.ActiveCfg = Debug|Any CPU
		{21784C80-52D1-4BE1-BEBD-360CDD786849}.Debug|Any CPU.Build.0 = Debug|Any CPU
		{21784C80-52D1-4BE1-BEBD-360CDD786849}.Release|Any CPU.ActiveCfg = Release|Any CPU
		{21784C80-52D1-4BE1-BEBD-360CDD786849}.Release|Any CPU.Build.0 = Release|Any CPU
		{E4EA6169-70D6-4069-AAB9-7275E444F39F}.Debug|Any CPU.ActiveCfg = Debug|Any CPU
		{E4EA6169-70D6-4069-AAB9-7275E444F39F}.Debug|Any CPU.Build.0 = Debug|Any CPU
		{E4EA6169-70D6-4069-AAB9-7275E444F39F}.Release|Any CPU.ActiveCfg = Release|Any CPU
		{E4EA6169-70D6-4069-AAB9-7275E444F39F}.Release|Any CPU.Build.0 = Release|Any CPU
		{94FB6F6C-4A91-414D-9FD6-697425971FE1}.Debug|Any CPU.ActiveCfg = Debug|Any CPU
		{94FB6F6C-4A91-414D-9FD6-697425971FE1}.Debug|Any CPU.Build.0 = Debug|Any CPU
		{94FB6F6C-4A91-414D-9FD6-697425971FE1}.Release|Any CPU.ActiveCfg = Release|Any CPU
		{94FB6F6C-4A91-414D-9FD6-697425971FE1}.Release|Any CPU.Build.0 = Release|Any CPU
		{C099CDB8-E94E-4E9D-B4D6-7D1F8DEB07B1}.Debug|Any CPU.ActiveCfg = Debug|Any CPU
		{C099CDB8-E94E-4E9D-B4D6-7D1F8DEB07B1}.Debug|Any CPU.Build.0 = Debug|Any CPU
		{C099CDB8-E94E-4E9D-B4D6-7D1F8DEB07B1}.Release|Any CPU.ActiveCfg = Release|Any CPU
		{C099CDB8-E94E-4E9D-B4D6-7D1F8DEB07B1}.Release|Any CPU.Build.0 = Release|Any CPU
		{99AD107E-4B47-415A-BCBA-652E5E95359F}.Debug|Any CPU.ActiveCfg = Debug|Any CPU
		{99AD107E-4B47-415A-BCBA-652E5E95359F}.Debug|Any CPU.Build.0 = Debug|Any CPU
		{99AD107E-4B47-415A-BCBA-652E5E95359F}.Release|Any CPU.ActiveCfg = Release|Any CPU
		{99AD107E-4B47-415A-BCBA-652E5E95359F}.Release|Any CPU.Build.0 = Release|Any CPU
	EndGlobalSection
EndGlobal
